// !$*UTF8*$!
{
	archiveVersion = 1;
	classes = {
	};
	objectVersion = 51;
	objects = {

/* Begin PBXBuildFile section */
		068AEDEB5933664EEC6AD9C5 /* Pods_NY_TimesTests.framework in Frameworks */ = {isa = PBXBuildFile; fileRef = 7F6E74DDA26BA226CFAF0425 /* Pods_NY_TimesTests.framework */; };
		A841671A0D14E26A7D022CA6 /* Pods_NY_Times.framework in Frameworks */ = {isa = PBXBuildFile; fileRef = 55B6915A523CD5C2A4EB74DA /* Pods_NY_Times.framework */; };
		F1A5302916DD57F911E817B8 /* Pods_NY_Times_NY_TimesUITests.framework in Frameworks */ = {isa = PBXBuildFile; fileRef = AFA98EC35EDFAC3AD9111110 /* Pods_NY_Times_NY_TimesUITests.framework */; };
		F4800EAD257AB4750001D92C /* ArticlesVCPresenter.swift in Sources */ = {isa = PBXBuildFile; fileRef = F4800EAC257AB4750001D92C /* ArticlesVCPresenter.swift */; };
		F4800EB2257AB4870001D92C /* ArticlesInteractor.swift in Sources */ = {isa = PBXBuildFile; fileRef = F4800EB1257AB4870001D92C /* ArticlesInteractor.swift */; };
		F4800EB7257AB4930001D92C /* ArticlesRouter.swift in Sources */ = {isa = PBXBuildFile; fileRef = F4800EB6257AB4930001D92C /* ArticlesRouter.swift */; };
		F4800EBF257AB6CB0001D92C /* BaseWireframe.swift in Sources */ = {isa = PBXBuildFile; fileRef = F4800EBE257AB6CB0001D92C /* BaseWireframe.swift */; };
		F4800EC4257AB6E30001D92C /* AppScreens.swift in Sources */ = {isa = PBXBuildFile; fileRef = F4800EC3257AB6E30001D92C /* AppScreens.swift */; };
		F4800ECE257AB7D60001D92C /* NavBarProtocol.swift in Sources */ = {isa = PBXBuildFile; fileRef = F4800ECD257AB7D60001D92C /* NavBarProtocol.swift */; };
		F4800ED8257ABD700001D92C /* ArticlesModel.swift in Sources */ = {isa = PBXBuildFile; fileRef = F4800ED7257ABD700001D92C /* ArticlesModel.swift */; };
		F4887131257BE0710029346D /* ArticleCell.swift in Sources */ = {isa = PBXBuildFile; fileRef = F488712F257BE0710029346D /* ArticleCell.swift */; };
		F4887132257BE0710029346D /* ArticleCell.xib in Resources */ = {isa = PBXBuildFile; fileRef = F4887130257BE0710029346D /* ArticleCell.xib */; };
		F4887143257C049A0029346D /* ArticleDetailsVC.swift in Sources */ = {isa = PBXBuildFile; fileRef = F4887141257C049A0029346D /* ArticleDetailsVC.swift */; };
		F4887144257C049A0029346D /* ArticleDetailsVC.xib in Resources */ = {isa = PBXBuildFile; fileRef = F4887142257C049A0029346D /* ArticleDetailsVC.xib */; };
		F488714E257C08230029346D /* ArticleDetailsCell.swift in Sources */ = {isa = PBXBuildFile; fileRef = F488714C257C08230029346D /* ArticleDetailsCell.swift */; };
		F488714F257C08230029346D /* ArticleDetailsCell.xib in Resources */ = {isa = PBXBuildFile; fileRef = F488714D257C08230029346D /* ArticleDetailsCell.xib */; };
		F488715A257C08CA0029346D /* MediaCell.swift in Sources */ = {isa = PBXBuildFile; fileRef = F4887158257C08CA0029346D /* MediaCell.swift */; };
		F488715B257C08CA0029346D /* MediaCell.xib in Resources */ = {isa = PBXBuildFile; fileRef = F4887159257C08CA0029346D /* MediaCell.xib */; };
		F4887163257C09E40029346D /* ArticleDetailsVCPresenter.swift in Sources */ = {isa = PBXBuildFile; fileRef = F4887162257C09E40029346D /* ArticleDetailsVCPresenter.swift */; };
		F4887168257C09FD0029346D /* ArticleDetailsRouter.swift in Sources */ = {isa = PBXBuildFile; fileRef = F4887167257C09FD0029346D /* ArticleDetailsRouter.swift */; };
		F4887171257C0CBF0029346D /* ArticleDetails.swift in Sources */ = {isa = PBXBuildFile; fileRef = F4887170257C0CBF0029346D /* ArticleDetails.swift */; };
		F4C8D174257A926700AACA0C /* AppDelegate.swift in Sources */ = {isa = PBXBuildFile; fileRef = F4C8D173257A926700AACA0C /* AppDelegate.swift */; };
		F4C8D17D257A926900AACA0C /* Icons.xcassets in Resources */ = {isa = PBXBuildFile; fileRef = F4C8D17C257A926900AACA0C /* Icons.xcassets */; };
		F4C8D180257A926900AACA0C /* LaunchScreen.storyboard in Resources */ = {isa = PBXBuildFile; fileRef = F4C8D17E257A926900AACA0C /* LaunchScreen.storyboard */; };
		F4C8D18B257A926900AACA0C /* NY_TimesTests.swift in Sources */ = {isa = PBXBuildFile; fileRef = F4C8D18A257A926900AACA0C /* NY_TimesTests.swift */; };
		F4C8D196257A926900AACA0C /* NY_TimesUITests.swift in Sources */ = {isa = PBXBuildFile; fileRef = F4C8D195257A926900AACA0C /* NY_TimesUITests.swift */; };
		F4C8D1CA257A960B00AACA0C /* Colors.xcassets in Resources */ = {isa = PBXBuildFile; fileRef = F4C8D1C9257A960B00AACA0C /* Colors.xcassets */; };
		F4C8D1E3257A979700AACA0C /* ArticlesVC.swift in Sources */ = {isa = PBXBuildFile; fileRef = F4C8D1E1257A979700AACA0C /* ArticlesVC.swift */; };
		F4C8D1E4257A979700AACA0C /* ArticlesVC.xib in Resources */ = {isa = PBXBuildFile; fileRef = F4C8D1E2257A979700AACA0C /* ArticlesVC.xib */; };
		F4C8D1ED257A9E9500AACA0C /* NetworkManager.swift in Sources */ = {isa = PBXBuildFile; fileRef = F4C8D1EC257A9E9500AACA0C /* NetworkManager.swift */; };
		F4C8D1F9257A9EBE00AACA0C /* APIResult.swift in Sources */ = {isa = PBXBuildFile; fileRef = F4C8D1F8257A9EBE00AACA0C /* APIResult.swift */; };
		F4C8D1FE257A9ED000AACA0C /* HTTPMethod.swift in Sources */ = {isa = PBXBuildFile; fileRef = F4C8D1FD257A9ED000AACA0C /* HTTPMethod.swift */; };
		F4C8D203257A9EF200AACA0C /* EndPointRouter.swift in Sources */ = {isa = PBXBuildFile; fileRef = F4C8D202257A9EF200AACA0C /* EndPointRouter.swift */; };
		F4C8D208257A9F0B00AACA0C /* APIEnvironmentPath.swift in Sources */ = {isa = PBXBuildFile; fileRef = F4C8D207257A9F0B00AACA0C /* APIEnvironmentPath.swift */; };
		F4C8D20D257AA37900AACA0C /* UIView+Extension.swift in Sources */ = {isa = PBXBuildFile; fileRef = F4C8D20C257AA37900AACA0C /* UIView+Extension.swift */; };
/* End PBXBuildFile section */

/* Begin PBXContainerItemProxy section */
		F4C8D187257A926900AACA0C /* PBXContainerItemProxy */ = {
			isa = PBXContainerItemProxy;
			containerPortal = F4C8D168257A926700AACA0C /* Project object */;
			proxyType = 1;
			remoteGlobalIDString = F4C8D16F257A926700AACA0C;
			remoteInfo = "NY-Times";
		};
		F4C8D192257A926900AACA0C /* PBXContainerItemProxy */ = {
			isa = PBXContainerItemProxy;
			containerPortal = F4C8D168257A926700AACA0C /* Project object */;
			proxyType = 1;
			remoteGlobalIDString = F4C8D16F257A926700AACA0C;
			remoteInfo = "NY-Times";
		};
/* End PBXContainerItemProxy section */

/* Begin PBXFileReference section */
		1F0B11092969F27B754AC80E /* Pods-NY-TimesTests.debug.xcconfig */ = {isa = PBXFileReference; includeInIndex = 1; lastKnownFileType = text.xcconfig; name = "Pods-NY-TimesTests.debug.xcconfig"; path = "Target Support Files/Pods-NY-TimesTests/Pods-NY-TimesTests.debug.xcconfig"; sourceTree = "<group>"; };
		2EAB8E540302F0C271E6362A /* Pods-NY-TimesTests.release.xcconfig */ = {isa = PBXFileReference; includeInIndex = 1; lastKnownFileType = text.xcconfig; name = "Pods-NY-TimesTests.release.xcconfig"; path = "Target Support Files/Pods-NY-TimesTests/Pods-NY-TimesTests.release.xcconfig"; sourceTree = "<group>"; };
		55B6915A523CD5C2A4EB74DA /* Pods_NY_Times.framework */ = {isa = PBXFileReference; explicitFileType = wrapper.framework; includeInIndex = 0; path = Pods_NY_Times.framework; sourceTree = BUILT_PRODUCTS_DIR; };
		5CE3F713B0EC20E444B05F7A /* Pods-NY-Times-NY-TimesUITests.release.xcconfig */ = {isa = PBXFileReference; includeInIndex = 1; lastKnownFileType = text.xcconfig; name = "Pods-NY-Times-NY-TimesUITests.release.xcconfig"; path = "Target Support Files/Pods-NY-Times-NY-TimesUITests/Pods-NY-Times-NY-TimesUITests.release.xcconfig"; sourceTree = "<group>"; };
		7F6E74DDA26BA226CFAF0425 /* Pods_NY_TimesTests.framework */ = {isa = PBXFileReference; explicitFileType = wrapper.framework; includeInIndex = 0; path = Pods_NY_TimesTests.framework; sourceTree = BUILT_PRODUCTS_DIR; };
		AFA98EC35EDFAC3AD9111110 /* Pods_NY_Times_NY_TimesUITests.framework */ = {isa = PBXFileReference; explicitFileType = wrapper.framework; includeInIndex = 0; path = Pods_NY_Times_NY_TimesUITests.framework; sourceTree = BUILT_PRODUCTS_DIR; };
		B91E97DDC3A29689714CDBE8 /* Pods-NY-Times.debug.xcconfig */ = {isa = PBXFileReference; includeInIndex = 1; lastKnownFileType = text.xcconfig; name = "Pods-NY-Times.debug.xcconfig"; path = "Target Support Files/Pods-NY-Times/Pods-NY-Times.debug.xcconfig"; sourceTree = "<group>"; };
		C6155C146F5A1C9E7CC5638C /* Pods-NY-Times-NY-TimesUITests.debug.xcconfig */ = {isa = PBXFileReference; includeInIndex = 1; lastKnownFileType = text.xcconfig; name = "Pods-NY-Times-NY-TimesUITests.debug.xcconfig"; path = "Target Support Files/Pods-NY-Times-NY-TimesUITests/Pods-NY-Times-NY-TimesUITests.debug.xcconfig"; sourceTree = "<group>"; };
		DE3CF9A09BA9F2BB8D03FB37 /* Pods-NY-Times.release.xcconfig */ = {isa = PBXFileReference; includeInIndex = 1; lastKnownFileType = text.xcconfig; name = "Pods-NY-Times.release.xcconfig"; path = "Target Support Files/Pods-NY-Times/Pods-NY-Times.release.xcconfig"; sourceTree = "<group>"; };
		F4800EAC257AB4750001D92C /* ArticlesVCPresenter.swift */ = {isa = PBXFileReference; lastKnownFileType = sourcecode.swift; path = ArticlesVCPresenter.swift; sourceTree = "<group>"; };
		F4800EB1257AB4870001D92C /* ArticlesInteractor.swift */ = {isa = PBXFileReference; lastKnownFileType = sourcecode.swift; path = ArticlesInteractor.swift; sourceTree = "<group>"; };
		F4800EB6257AB4930001D92C /* ArticlesRouter.swift */ = {isa = PBXFileReference; lastKnownFileType = sourcecode.swift; path = ArticlesRouter.swift; sourceTree = "<group>"; };
		F4800EBE257AB6CB0001D92C /* BaseWireframe.swift */ = {isa = PBXFileReference; lastKnownFileType = sourcecode.swift; path = BaseWireframe.swift; sourceTree = "<group>"; };
		F4800EC3257AB6E30001D92C /* AppScreens.swift */ = {isa = PBXFileReference; lastKnownFileType = sourcecode.swift; path = AppScreens.swift; sourceTree = "<group>"; };
		F4800ECD257AB7D60001D92C /* NavBarProtocol.swift */ = {isa = PBXFileReference; lastKnownFileType = sourcecode.swift; path = NavBarProtocol.swift; sourceTree = "<group>"; };
		F4800ED7257ABD700001D92C /* ArticlesModel.swift */ = {isa = PBXFileReference; lastKnownFileType = sourcecode.swift; path = ArticlesModel.swift; sourceTree = "<group>"; };
		F488712F257BE0710029346D /* ArticleCell.swift */ = {isa = PBXFileReference; lastKnownFileType = sourcecode.swift; path = ArticleCell.swift; sourceTree = "<group>"; };
		F4887130257BE0710029346D /* ArticleCell.xib */ = {isa = PBXFileReference; lastKnownFileType = file.xib; path = ArticleCell.xib; sourceTree = "<group>"; };
		F4887141257C049A0029346D /* ArticleDetailsVC.swift */ = {isa = PBXFileReference; lastKnownFileType = sourcecode.swift; path = ArticleDetailsVC.swift; sourceTree = "<group>"; };
		F4887142257C049A0029346D /* ArticleDetailsVC.xib */ = {isa = PBXFileReference; lastKnownFileType = file.xib; path = ArticleDetailsVC.xib; sourceTree = "<group>"; };
		F488714C257C08230029346D /* ArticleDetailsCell.swift */ = {isa = PBXFileReference; lastKnownFileType = sourcecode.swift; path = ArticleDetailsCell.swift; sourceTree = "<group>"; };
		F488714D257C08230029346D /* ArticleDetailsCell.xib */ = {isa = PBXFileReference; lastKnownFileType = file.xib; path = ArticleDetailsCell.xib; sourceTree = "<group>"; };
		F4887158257C08CA0029346D /* MediaCell.swift */ = {isa = PBXFileReference; lastKnownFileType = sourcecode.swift; path = MediaCell.swift; sourceTree = "<group>"; };
		F4887159257C08CA0029346D /* MediaCell.xib */ = {isa = PBXFileReference; lastKnownFileType = file.xib; path = MediaCell.xib; sourceTree = "<group>"; };
		F4887162257C09E40029346D /* ArticleDetailsVCPresenter.swift */ = {isa = PBXFileReference; lastKnownFileType = sourcecode.swift; path = ArticleDetailsVCPresenter.swift; sourceTree = "<group>"; };
		F4887167257C09FD0029346D /* ArticleDetailsRouter.swift */ = {isa = PBXFileReference; lastKnownFileType = sourcecode.swift; path = ArticleDetailsRouter.swift; sourceTree = "<group>"; };
		F4887170257C0CBF0029346D /* ArticleDetails.swift */ = {isa = PBXFileReference; lastKnownFileType = sourcecode.swift; path = ArticleDetails.swift; sourceTree = "<group>"; };
		F4C8D170257A926700AACA0C /* NY-Times.app */ = {isa = PBXFileReference; explicitFileType = wrapper.application; includeInIndex = 0; path = "NY-Times.app"; sourceTree = BUILT_PRODUCTS_DIR; };
		F4C8D173257A926700AACA0C /* AppDelegate.swift */ = {isa = PBXFileReference; lastKnownFileType = sourcecode.swift; path = AppDelegate.swift; sourceTree = "<group>"; };
		F4C8D17C257A926900AACA0C /* Icons.xcassets */ = {isa = PBXFileReference; lastKnownFileType = folder.assetcatalog; path = Icons.xcassets; sourceTree = "<group>"; };
		F4C8D17F257A926900AACA0C /* Base */ = {isa = PBXFileReference; lastKnownFileType = file.storyboard; name = Base; path = Base.lproj/LaunchScreen.storyboard; sourceTree = "<group>"; };
		F4C8D181257A926900AACA0C /* Info.plist */ = {isa = PBXFileReference; lastKnownFileType = text.plist.xml; path = Info.plist; sourceTree = "<group>"; };
		F4C8D186257A926900AACA0C /* NY-TimesTests.xctest */ = {isa = PBXFileReference; explicitFileType = wrapper.cfbundle; includeInIndex = 0; path = "NY-TimesTests.xctest"; sourceTree = BUILT_PRODUCTS_DIR; };
		F4C8D18A257A926900AACA0C /* NY_TimesTests.swift */ = {isa = PBXFileReference; lastKnownFileType = sourcecode.swift; path = NY_TimesTests.swift; sourceTree = "<group>"; };
		F4C8D18C257A926900AACA0C /* Info.plist */ = {isa = PBXFileReference; lastKnownFileType = text.plist.xml; path = Info.plist; sourceTree = "<group>"; };
		F4C8D191257A926900AACA0C /* NY-TimesUITests.xctest */ = {isa = PBXFileReference; explicitFileType = wrapper.cfbundle; includeInIndex = 0; path = "NY-TimesUITests.xctest"; sourceTree = BUILT_PRODUCTS_DIR; };
		F4C8D195257A926900AACA0C /* NY_TimesUITests.swift */ = {isa = PBXFileReference; lastKnownFileType = sourcecode.swift; path = NY_TimesUITests.swift; sourceTree = "<group>"; };
		F4C8D197257A926900AACA0C /* Info.plist */ = {isa = PBXFileReference; lastKnownFileType = text.plist.xml; path = Info.plist; sourceTree = "<group>"; };
		F4C8D1C9257A960B00AACA0C /* Colors.xcassets */ = {isa = PBXFileReference; lastKnownFileType = folder.assetcatalog; path = Colors.xcassets; sourceTree = "<group>"; };
		F4C8D1E1257A979700AACA0C /* ArticlesVC.swift */ = {isa = PBXFileReference; lastKnownFileType = sourcecode.swift; path = ArticlesVC.swift; sourceTree = "<group>"; };
		F4C8D1E2257A979700AACA0C /* ArticlesVC.xib */ = {isa = PBXFileReference; lastKnownFileType = file.xib; path = ArticlesVC.xib; sourceTree = "<group>"; };
		F4C8D1EC257A9E9500AACA0C /* NetworkManager.swift */ = {isa = PBXFileReference; lastKnownFileType = sourcecode.swift; path = NetworkManager.swift; sourceTree = "<group>"; };
		F4C8D1F8257A9EBE00AACA0C /* APIResult.swift */ = {isa = PBXFileReference; lastKnownFileType = sourcecode.swift; path = APIResult.swift; sourceTree = "<group>"; };
		F4C8D1FD257A9ED000AACA0C /* HTTPMethod.swift */ = {isa = PBXFileReference; lastKnownFileType = sourcecode.swift; path = HTTPMethod.swift; sourceTree = "<group>"; };
		F4C8D202257A9EF200AACA0C /* EndPointRouter.swift */ = {isa = PBXFileReference; lastKnownFileType = sourcecode.swift; path = EndPointRouter.swift; sourceTree = "<group>"; };
		F4C8D207257A9F0B00AACA0C /* APIEnvironmentPath.swift */ = {isa = PBXFileReference; lastKnownFileType = sourcecode.swift; path = APIEnvironmentPath.swift; sourceTree = "<group>"; };
		F4C8D20C257AA37900AACA0C /* UIView+Extension.swift */ = {isa = PBXFileReference; lastKnownFileType = sourcecode.swift; path = "UIView+Extension.swift"; sourceTree = "<group>"; };
/* End PBXFileReference section */

/* Begin PBXFrameworksBuildPhase section */
		F4C8D16D257A926700AACA0C /* Frameworks */ = {
			isa = PBXFrameworksBuildPhase;
			buildActionMask = 2147483647;
			files = (
				A841671A0D14E26A7D022CA6 /* Pods_NY_Times.framework in Frameworks */,
			);
			runOnlyForDeploymentPostprocessing = 0;
		};
		F4C8D183257A926900AACA0C /* Frameworks */ = {
			isa = PBXFrameworksBuildPhase;
			buildActionMask = 2147483647;
			files = (
				068AEDEB5933664EEC6AD9C5 /* Pods_NY_TimesTests.framework in Frameworks */,
			);
			runOnlyForDeploymentPostprocessing = 0;
		};
		F4C8D18E257A926900AACA0C /* Frameworks */ = {
			isa = PBXFrameworksBuildPhase;
			buildActionMask = 2147483647;
			files = (
				F1A5302916DD57F911E817B8 /* Pods_NY_Times_NY_TimesUITests.framework in Frameworks */,
			);
			runOnlyForDeploymentPostprocessing = 0;
		};
/* End PBXFrameworksBuildPhase section */

/* Begin PBXGroup section */
		8BBE962A95D9CF87C2774985 /* Pods */ = {
			isa = PBXGroup;
			children = (
				B91E97DDC3A29689714CDBE8 /* Pods-NY-Times.debug.xcconfig */,
				DE3CF9A09BA9F2BB8D03FB37 /* Pods-NY-Times.release.xcconfig */,
				C6155C146F5A1C9E7CC5638C /* Pods-NY-Times-NY-TimesUITests.debug.xcconfig */,
				5CE3F713B0EC20E444B05F7A /* Pods-NY-Times-NY-TimesUITests.release.xcconfig */,
				1F0B11092969F27B754AC80E /* Pods-NY-TimesTests.debug.xcconfig */,
				2EAB8E540302F0C271E6362A /* Pods-NY-TimesTests.release.xcconfig */,
			);
			path = Pods;
			sourceTree = "<group>";
		};
		98E38D05EDBAAFD822820F23 /* Frameworks */ = {
			isa = PBXGroup;
			children = (
				55B6915A523CD5C2A4EB74DA /* Pods_NY_Times.framework */,
				AFA98EC35EDFAC3AD9111110 /* Pods_NY_Times_NY_TimesUITests.framework */,
				7F6E74DDA26BA226CFAF0425 /* Pods_NY_TimesTests.framework */,
			);
			name = Frameworks;
			sourceTree = "<group>";
		};
		F4800EC8257AB7A20001D92C /* BaseWireframe */ = {
			isa = PBXGroup;
			children = (
				F4800EBE257AB6CB0001D92C /* BaseWireframe.swift */,
				F4800EC9257AB7AD0001D92C /* Protocols */,
			);
			path = BaseWireframe;
			sourceTree = "<group>";
		};
		F4800EC9257AB7AD0001D92C /* Protocols */ = {
			isa = PBXGroup;
			children = (
				F4800ECD257AB7D60001D92C /* NavBarProtocol.swift */,
			);
			path = Protocols;
			sourceTree = "<group>";
		};
		F488713C257BEC7A0029346D /* Articcle Details */ = {
			isa = PBXGroup;
			children = (
				F4887140257BF2910029346D /* Router */,
				F488713E257BF26F0029346D /* Presenter */,
				F488713D257BF26B0029346D /* Controller */,
				F488714B257C07FC0029346D /* TableView Cell */,
			);
			path = "Articcle Details";
			sourceTree = "<group>";
		};
		F488713D257BF26B0029346D /* Controller */ = {
			isa = PBXGroup;
			children = (
				F4887141257C049A0029346D /* ArticleDetailsVC.swift */,
				F4887142257C049A0029346D /* ArticleDetailsVC.xib */,
			);
			path = Controller;
			sourceTree = "<group>";
		};
		F488713E257BF26F0029346D /* Presenter */ = {
			isa = PBXGroup;
			children = (
				F4887162257C09E40029346D /* ArticleDetailsVCPresenter.swift */,
			);
			path = Presenter;
			sourceTree = "<group>";
		};
		F4887140257BF2910029346D /* Router */ = {
			isa = PBXGroup;
			children = (
				F4887167257C09FD0029346D /* ArticleDetailsRouter.swift */,
			);
			path = Router;
			sourceTree = "<group>";
		};
		F488714B257C07FC0029346D /* TableView Cell */ = {
			isa = PBXGroup;
			children = (
				F4887156257C087A0029346D /* Article Details Cell */,
				F4887157257C088F0029346D /* Media Cell */,
			);
			path = "TableView Cell";
			sourceTree = "<group>";
		};
		F4887156257C087A0029346D /* Article Details Cell */ = {
			isa = PBXGroup;
			children = (
				F488714C257C08230029346D /* ArticleDetailsCell.swift */,
				F488714D257C08230029346D /* ArticleDetailsCell.xib */,
			);
			path = "Article Details Cell";
			sourceTree = "<group>";
		};
		F4887157257C088F0029346D /* Media Cell */ = {
			isa = PBXGroup;
			children = (
				F4887158257C08CA0029346D /* MediaCell.swift */,
				F4887159257C08CA0029346D /* MediaCell.xib */,
			);
			path = "Media Cell";
			sourceTree = "<group>";
		};
		F4C8D167257A926700AACA0C = {
			isa = PBXGroup;
			children = (
				F4C8D172257A926700AACA0C /* NY-Times */,
				F4C8D189257A926900AACA0C /* NY-TimesTests */,
				F4C8D194257A926900AACA0C /* NY-TimesUITests */,
				F4C8D171257A926700AACA0C /* Products */,
				8BBE962A95D9CF87C2774985 /* Pods */,
				98E38D05EDBAAFD822820F23 /* Frameworks */,
			);
			sourceTree = "<group>";
		};
		F4C8D171257A926700AACA0C /* Products */ = {
			isa = PBXGroup;
			children = (
				F4C8D170257A926700AACA0C /* NY-Times.app */,
				F4C8D186257A926900AACA0C /* NY-TimesTests.xctest */,
				F4C8D191257A926900AACA0C /* NY-TimesUITests.xctest */,
			);
			name = Products;
			sourceTree = "<group>";
		};
		F4C8D172257A926700AACA0C /* NY-Times */ = {
			isa = PBXGroup;
			children = (
				F4C8D1BD257A95A300AACA0C /* Services */,
				F4C8D1C0257A95C300AACA0C /* Helpers */,
				F4C8D1C3257A95D700AACA0C /* Models */,
				F4C8D1C4257A95DE00AACA0C /* Core */,
				F4C8D1C5257A95E400AACA0C /* Scences */,
				F4C8D1C6257A95EB00AACA0C /* Resources */,
				F4C8D1CE257A962F00AACA0C /* Configurations */,
			);
			path = "NY-Times";
			sourceTree = "<group>";
		};
		F4C8D189257A926900AACA0C /* NY-TimesTests */ = {
			isa = PBXGroup;
			children = (
				F4C8D18A257A926900AACA0C /* NY_TimesTests.swift */,
				F4C8D18C257A926900AACA0C /* Info.plist */,
			);
			path = "NY-TimesTests";
			sourceTree = "<group>";
		};
		F4C8D194257A926900AACA0C /* NY-TimesUITests */ = {
			isa = PBXGroup;
			children = (
				F4C8D195257A926900AACA0C /* NY_TimesUITests.swift */,
				F4C8D197257A926900AACA0C /* Info.plist */,
			);
			path = "NY-TimesUITests";
			sourceTree = "<group>";
		};
		F4C8D1BD257A95A300AACA0C /* Services */ = {
			isa = PBXGroup;
			children = (
				F4C8D1BE257A95B300AACA0C /* Networking */,
			);
			path = Services;
			sourceTree = "<group>";
		};
		F4C8D1BE257A95B300AACA0C /* Networking */ = {
			isa = PBXGroup;
			children = (
				F4C8D1EC257A9E9500AACA0C /* NetworkManager.swift */,
				F4C8D1BF257A95BA00AACA0C /* Entities */,
			);
			path = Networking;
			sourceTree = "<group>";
		};
		F4C8D1BF257A95BA00AACA0C /* Entities */ = {
			isa = PBXGroup;
			children = (
				F4C8D1F8257A9EBE00AACA0C /* APIResult.swift */,
				F4C8D1FD257A9ED000AACA0C /* HTTPMethod.swift */,
			);
			path = Entities;
			sourceTree = "<group>";
		};
		F4C8D1C0257A95C300AACA0C /* Helpers */ = {
			isa = PBXGroup;
			children = (
				F4C8D1C1257A95C900AACA0C /* APIs */,
				F4C8D1C2257A95D000AACA0C /* Extensions */,
			);
			path = Helpers;
			sourceTree = "<group>";
		};
		F4C8D1C1257A95C900AACA0C /* APIs */ = {
			isa = PBXGroup;
			children = (
				F4C8D202257A9EF200AACA0C /* EndPointRouter.swift */,
				F4C8D207257A9F0B00AACA0C /* APIEnvironmentPath.swift */,
			);
			path = APIs;
			sourceTree = "<group>";
		};
		F4C8D1C2257A95D000AACA0C /* Extensions */ = {
			isa = PBXGroup;
			children = (
				F4C8D20C257AA37900AACA0C /* UIView+Extension.swift */,
			);
			path = Extensions;
			sourceTree = "<group>";
		};
		F4C8D1C3257A95D700AACA0C /* Models */ = {
			isa = PBXGroup;
			children = (
				F4800ED7257ABD700001D92C /* ArticlesModel.swift */,
				F4887170257C0CBF0029346D /* ArticleDetails.swift */,
			);
			path = Models;
			sourceTree = "<group>";
		};
		F4C8D1C4257A95DE00AACA0C /* Core */ = {
			isa = PBXGroup;
			children = (
				F4800EC3257AB6E30001D92C /* AppScreens.swift */,
				F4800EC8257AB7A20001D92C /* BaseWireframe */,
			);
			path = Core;
			sourceTree = "<group>";
		};
		F4C8D1C5257A95E400AACA0C /* Scences */ = {
			isa = PBXGroup;
			children = (
				F488713C257BEC7A0029346D /* Articcle Details */,
				F4C8D1DC257A975200AACA0C /* Articles */,
			);
			path = Scences;
			sourceTree = "<group>";
		};
		F4C8D1C6257A95EB00AACA0C /* Resources */ = {
			isa = PBXGroup;
			children = (
				F4C8D1C7257A95F300AACA0C /* Application */,
				F4C8D1C8257A95FA00AACA0C /* Assets */,
			);
			path = Resources;
			sourceTree = "<group>";
		};
		F4C8D1C7257A95F300AACA0C /* Application */ = {
			isa = PBXGroup;
			children = (
				F4C8D173257A926700AACA0C /* AppDelegate.swift */,
				F4C8D17E257A926900AACA0C /* LaunchScreen.storyboard */,
			);
			path = Application;
			sourceTree = "<group>";
		};
		F4C8D1C8257A95FA00AACA0C /* Assets */ = {
			isa = PBXGroup;
			children = (
				F4C8D17C257A926900AACA0C /* Icons.xcassets */,
				F4C8D1C9257A960B00AACA0C /* Colors.xcassets */,
			);
			path = Assets;
			sourceTree = "<group>";
		};
		F4C8D1CE257A962F00AACA0C /* Configurations */ = {
			isa = PBXGroup;
			children = (
				F4C8D181257A926900AACA0C /* Info.plist */,
			);
			path = Configurations;
			sourceTree = "<group>";
		};
		F4C8D1DC257A975200AACA0C /* Articles */ = {
			isa = PBXGroup;
			children = (
				F4C8D1E0257A977B00AACA0C /* Router */,
				F4C8D1DF257A977700AACA0C /* Interactor */,
				F4C8D1DE257A977100AACA0C /* Presenter */,
				F4C8D1DD257A976A00AACA0C /* Controller */,
				F4C8D211257AACEA00AACA0C /* TableView Cell */,
			);
			path = Articles;
			sourceTree = "<group>";
		};
		F4C8D1DD257A976A00AACA0C /* Controller */ = {
			isa = PBXGroup;
			children = (
				F4C8D1E1257A979700AACA0C /* ArticlesVC.swift */,
				F4C8D1E2257A979700AACA0C /* ArticlesVC.xib */,
			);
			path = Controller;
			sourceTree = "<group>";
		};
		F4C8D1DE257A977100AACA0C /* Presenter */ = {
			isa = PBXGroup;
			children = (
				F4800EAC257AB4750001D92C /* ArticlesVCPresenter.swift */,
			);
			path = Presenter;
			sourceTree = "<group>";
		};
		F4C8D1DF257A977700AACA0C /* Interactor */ = {
			isa = PBXGroup;
			children = (
				F4800EB1257AB4870001D92C /* ArticlesInteractor.swift */,
			);
			path = Interactor;
			sourceTree = "<group>";
		};
		F4C8D1E0257A977B00AACA0C /* Router */ = {
			isa = PBXGroup;
			children = (
				F4800EB6257AB4930001D92C /* ArticlesRouter.swift */,
			);
			path = Router;
			sourceTree = "<group>";
		};
		F4C8D211257AACEA00AACA0C /* TableView Cell */ = {
			isa = PBXGroup;
			children = (
				F488712F257BE0710029346D /* ArticleCell.swift */,
				F4887130257BE0710029346D /* ArticleCell.xib */,
			);
			path = "TableView Cell";
			sourceTree = "<group>";
		};
/* End PBXGroup section */

/* Begin PBXNativeTarget section */
		F4C8D16F257A926700AACA0C /* NY-Times */ = {
			isa = PBXNativeTarget;
			buildConfigurationList = F4C8D19A257A926900AACA0C /* Build configuration list for PBXNativeTarget "NY-Times" */;
			buildPhases = (
				98223E8BF3D103D86310A8EC /* [CP] Check Pods Manifest.lock */,
				F4C8D16C257A926700AACA0C /* Sources */,
				F4C8D16D257A926700AACA0C /* Frameworks */,
				F4C8D16E257A926700AACA0C /* Resources */,
				DC9C345F06A1968369B1946D /* [CP] Embed Pods Frameworks */,
			);
			buildRules = (
			);
			dependencies = (
			);
			name = "NY-Times";
			productName = "NY-Times";
			productReference = F4C8D170257A926700AACA0C /* NY-Times.app */;
			productType = "com.apple.product-type.application";
		};
		F4C8D185257A926900AACA0C /* NY-TimesTests */ = {
			isa = PBXNativeTarget;
			buildConfigurationList = F4C8D19D257A926900AACA0C /* Build configuration list for PBXNativeTarget "NY-TimesTests" */;
			buildPhases = (
				4A83024E1B78BAC49BBEDAB7 /* [CP] Check Pods Manifest.lock */,
				F4C8D182257A926900AACA0C /* Sources */,
				F4C8D183257A926900AACA0C /* Frameworks */,
				F4C8D184257A926900AACA0C /* Resources */,
			);
			buildRules = (
			);
			dependencies = (
				F4C8D188257A926900AACA0C /* PBXTargetDependency */,
			);
			name = "NY-TimesTests";
			productName = "NY-TimesTests";
			productReference = F4C8D186257A926900AACA0C /* NY-TimesTests.xctest */;
			productType = "com.apple.product-type.bundle.unit-test";
		};
		F4C8D190257A926900AACA0C /* NY-TimesUITests */ = {
			isa = PBXNativeTarget;
			buildConfigurationList = F4C8D1A0257A926900AACA0C /* Build configuration list for PBXNativeTarget "NY-TimesUITests" */;
			buildPhases = (
				1C4A49EF9F409F323830B89D /* [CP] Check Pods Manifest.lock */,
				F4C8D18D257A926900AACA0C /* Sources */,
				F4C8D18E257A926900AACA0C /* Frameworks */,
				F4C8D18F257A926900AACA0C /* Resources */,
				FC8BA09B5E2D7B9B90116947 /* [CP] Embed Pods Frameworks */,
			);
			buildRules = (
			);
			dependencies = (
				F4C8D193257A926900AACA0C /* PBXTargetDependency */,
			);
			name = "NY-TimesUITests";
			productName = "NY-TimesUITests";
			productReference = F4C8D191257A926900AACA0C /* NY-TimesUITests.xctest */;
			productType = "com.apple.product-type.bundle.ui-testing";
		};
/* End PBXNativeTarget section */

/* Begin PBXProject section */
		F4C8D168257A926700AACA0C /* Project object */ = {
			isa = PBXProject;
			attributes = {
				LastSwiftUpdateCheck = 1220;
				LastUpgradeCheck = 1220;
				TargetAttributes = {
					F4C8D16F257A926700AACA0C = {
						CreatedOnToolsVersion = 12.2;
					};
					F4C8D185257A926900AACA0C = {
						CreatedOnToolsVersion = 12.2;
						TestTargetID = F4C8D16F257A926700AACA0C;
					};
					F4C8D190257A926900AACA0C = {
						CreatedOnToolsVersion = 12.2;
						TestTargetID = F4C8D16F257A926700AACA0C;
					};
				};
			};
			buildConfigurationList = F4C8D16B257A926700AACA0C /* Build configuration list for PBXProject "NY-Times" */;
			compatibilityVersion = "Xcode 9.3";
			developmentRegion = en;
			hasScannedForEncodings = 0;
			knownRegions = (
				en,
				Base,
			);
			mainGroup = F4C8D167257A926700AACA0C;
			productRefGroup = F4C8D171257A926700AACA0C /* Products */;
			projectDirPath = "";
			projectRoot = "";
			targets = (
				F4C8D16F257A926700AACA0C /* NY-Times */,
				F4C8D185257A926900AACA0C /* NY-TimesTests */,
				F4C8D190257A926900AACA0C /* NY-TimesUITests */,
			);
		};
/* End PBXProject section */

/* Begin PBXResourcesBuildPhase section */
		F4C8D16E257A926700AACA0C /* Resources */ = {
			isa = PBXResourcesBuildPhase;
			buildActionMask = 2147483647;
			files = (
				F4C8D180257A926900AACA0C /* LaunchScreen.storyboard in Resources */,
				F488714F257C08230029346D /* ArticleDetailsCell.xib in Resources */,
				F4C8D1CA257A960B00AACA0C /* Colors.xcassets in Resources */,
				F4C8D17D257A926900AACA0C /* Icons.xcassets in Resources */,
				F4887132257BE0710029346D /* ArticleCell.xib in Resources */,
				F4887144257C049A0029346D /* ArticleDetailsVC.xib in Resources */,
				F488715B257C08CA0029346D /* MediaCell.xib in Resources */,
				F4C8D1E4257A979700AACA0C /* ArticlesVC.xib in Resources */,
			);
			runOnlyForDeploymentPostprocessing = 0;
		};
		F4C8D184257A926900AACA0C /* Resources */ = {
			isa = PBXResourcesBuildPhase;
			buildActionMask = 2147483647;
			files = (
			);
			runOnlyForDeploymentPostprocessing = 0;
		};
		F4C8D18F257A926900AACA0C /* Resources */ = {
			isa = PBXResourcesBuildPhase;
			buildActionMask = 2147483647;
			files = (
			);
			runOnlyForDeploymentPostprocessing = 0;
		};
/* End PBXResourcesBuildPhase section */

/* Begin PBXShellScriptBuildPhase section */
		1C4A49EF9F409F323830B89D /* [CP] Check Pods Manifest.lock */ = {
			isa = PBXShellScriptBuildPhase;
			buildActionMask = 2147483647;
			files = (
			);
			inputFileListPaths = (
			);
			inputPaths = (
				"${PODS_PODFILE_DIR_PATH}/Podfile.lock",
				"${PODS_ROOT}/Manifest.lock",
			);
			name = "[CP] Check Pods Manifest.lock";
			outputFileListPaths = (
			);
			outputPaths = (
				"$(DERIVED_FILE_DIR)/Pods-NY-Times-NY-TimesUITests-checkManifestLockResult.txt",
			);
			runOnlyForDeploymentPostprocessing = 0;
			shellPath = /bin/sh;
			shellScript = "diff \"${PODS_PODFILE_DIR_PATH}/Podfile.lock\" \"${PODS_ROOT}/Manifest.lock\" > /dev/null\nif [ $? != 0 ] ; then\n    # print error to STDERR\n    echo \"error: The sandbox is not in sync with the Podfile.lock. Run 'pod install' or update your CocoaPods installation.\" >&2\n    exit 1\nfi\n# This output is used by Xcode 'outputs' to avoid re-running this script phase.\necho \"SUCCESS\" > \"${SCRIPT_OUTPUT_FILE_0}\"\n";
			showEnvVarsInLog = 0;
		};
		4A83024E1B78BAC49BBEDAB7 /* [CP] Check Pods Manifest.lock */ = {
			isa = PBXShellScriptBuildPhase;
			buildActionMask = 2147483647;
			files = (
			);
			inputFileListPaths = (
			);
			inputPaths = (
				"${PODS_PODFILE_DIR_PATH}/Podfile.lock",
				"${PODS_ROOT}/Manifest.lock",
			);
			name = "[CP] Check Pods Manifest.lock";
			outputFileListPaths = (
			);
			outputPaths = (
				"$(DERIVED_FILE_DIR)/Pods-NY-TimesTests-checkManifestLockResult.txt",
			);
			runOnlyForDeploymentPostprocessing = 0;
			shellPath = /bin/sh;
			shellScript = "diff \"${PODS_PODFILE_DIR_PATH}/Podfile.lock\" \"${PODS_ROOT}/Manifest.lock\" > /dev/null\nif [ $? != 0 ] ; then\n    # print error to STDERR\n    echo \"error: The sandbox is not in sync with the Podfile.lock. Run 'pod install' or update your CocoaPods installation.\" >&2\n    exit 1\nfi\n# This output is used by Xcode 'outputs' to avoid re-running this script phase.\necho \"SUCCESS\" > \"${SCRIPT_OUTPUT_FILE_0}\"\n";
			showEnvVarsInLog = 0;
		};
		98223E8BF3D103D86310A8EC /* [CP] Check Pods Manifest.lock */ = {
			isa = PBXShellScriptBuildPhase;
			buildActionMask = 2147483647;
			files = (
			);
			inputFileListPaths = (
			);
			inputPaths = (
				"${PODS_PODFILE_DIR_PATH}/Podfile.lock",
				"${PODS_ROOT}/Manifest.lock",
			);
			name = "[CP] Check Pods Manifest.lock";
			outputFileListPaths = (
			);
			outputPaths = (
				"$(DERIVED_FILE_DIR)/Pods-NY-Times-checkManifestLockResult.txt",
			);
			runOnlyForDeploymentPostprocessing = 0;
			shellPath = /bin/sh;
			shellScript = "diff \"${PODS_PODFILE_DIR_PATH}/Podfile.lock\" \"${PODS_ROOT}/Manifest.lock\" > /dev/null\nif [ $? != 0 ] ; then\n    # print error to STDERR\n    echo \"error: The sandbox is not in sync with the Podfile.lock. Run 'pod install' or update your CocoaPods installation.\" >&2\n    exit 1\nfi\n# This output is used by Xcode 'outputs' to avoid re-running this script phase.\necho \"SUCCESS\" > \"${SCRIPT_OUTPUT_FILE_0}\"\n";
			showEnvVarsInLog = 0;
		};
		DC9C345F06A1968369B1946D /* [CP] Embed Pods Frameworks */ = {
			isa = PBXShellScriptBuildPhase;
			buildActionMask = 2147483647;
			files = (
			);
			inputFileListPaths = (
				"${PODS_ROOT}/Target Support Files/Pods-NY-Times/Pods-NY-Times-frameworks-${CONFIGURATION}-input-files.xcfilelist",
			);
			name = "[CP] Embed Pods Frameworks";
			outputFileListPaths = (
				"${PODS_ROOT}/Target Support Files/Pods-NY-Times/Pods-NY-Times-frameworks-${CONFIGURATION}-output-files.xcfilelist",
			);
			runOnlyForDeploymentPostprocessing = 0;
			shellPath = /bin/sh;
			shellScript = "\"${PODS_ROOT}/Target Support Files/Pods-NY-Times/Pods-NY-Times-frameworks.sh\"\n";
			showEnvVarsInLog = 0;
		};
		FC8BA09B5E2D7B9B90116947 /* [CP] Embed Pods Frameworks */ = {
			isa = PBXShellScriptBuildPhase;
			buildActionMask = 2147483647;
			files = (
			);
			inputFileListPaths = (
				"${PODS_ROOT}/Target Support Files/Pods-NY-Times-NY-TimesUITests/Pods-NY-Times-NY-TimesUITests-frameworks-${CONFIGURATION}-input-files.xcfilelist",
			);
			name = "[CP] Embed Pods Frameworks";
			outputFileListPaths = (
				"${PODS_ROOT}/Target Support Files/Pods-NY-Times-NY-TimesUITests/Pods-NY-Times-NY-TimesUITests-frameworks-${CONFIGURATION}-output-files.xcfilelist",
			);
			runOnlyForDeploymentPostprocessing = 0;
			shellPath = /bin/sh;
			shellScript = "\"${PODS_ROOT}/Target Support Files/Pods-NY-Times-NY-TimesUITests/Pods-NY-Times-NY-TimesUITests-frameworks.sh\"\n";
			showEnvVarsInLog = 0;
		};
/* End PBXShellScriptBuildPhase section */

/* Begin PBXSourcesBuildPhase section */
		F4C8D16C257A926700AACA0C /* Sources */ = {
			isa = PBXSourcesBuildPhase;
			buildActionMask = 2147483647;
			files = (
				F4800EB2257AB4870001D92C /* ArticlesInteractor.swift in Sources */,
				F4887171257C0CBF0029346D /* ArticleDetails.swift in Sources */,
				F4C8D1ED257A9E9500AACA0C /* NetworkManager.swift in Sources */,
				F4887168257C09FD0029346D /* ArticleDetailsRouter.swift in Sources */,
				F4C8D203257A9EF200AACA0C /* EndPointRouter.swift in Sources */,
				F4800EBF257AB6CB0001D92C /* BaseWireframe.swift in Sources */,
				F488715A257C08CA0029346D /* MediaCell.swift in Sources */,
				F4800EB7257AB4930001D92C /* ArticlesRouter.swift in Sources */,
				F4800ECE257AB7D60001D92C /* NavBarProtocol.swift in Sources */,
				F4800ED8257ABD700001D92C /* ArticlesModel.swift in Sources */,
				F488714E257C08230029346D /* ArticleDetailsCell.swift in Sources */,
				F4C8D20D257AA37900AACA0C /* UIView+Extension.swift in Sources */,
				F4C8D174257A926700AACA0C /* AppDelegate.swift in Sources */,
				F4800EAD257AB4750001D92C /* ArticlesVCPresenter.swift in Sources */,
				F4887143257C049A0029346D /* ArticleDetailsVC.swift in Sources */,
				F4C8D1E3257A979700AACA0C /* ArticlesVC.swift in Sources */,
				F4887131257BE0710029346D /* ArticleCell.swift in Sources */,
				F4C8D208257A9F0B00AACA0C /* APIEnvironmentPath.swift in Sources */,
				F4800EC4257AB6E30001D92C /* AppScreens.swift in Sources */,
				F4887163257C09E40029346D /* ArticleDetailsVCPresenter.swift in Sources */,
				F4C8D1FE257A9ED000AACA0C /* HTTPMethod.swift in Sources */,
				F4C8D1F9257A9EBE00AACA0C /* APIResult.swift in Sources */,
			);
			runOnlyForDeploymentPostprocessing = 0;
		};
		F4C8D182257A926900AACA0C /* Sources */ = {
			isa = PBXSourcesBuildPhase;
			buildActionMask = 2147483647;
			files = (
				F4C8D18B257A926900AACA0C /* NY_TimesTests.swift in Sources */,
			);
			runOnlyForDeploymentPostprocessing = 0;
		};
		F4C8D18D257A926900AACA0C /* Sources */ = {
			isa = PBXSourcesBuildPhase;
			buildActionMask = 2147483647;
			files = (
				F4C8D196257A926900AACA0C /* NY_TimesUITests.swift in Sources */,
			);
			runOnlyForDeploymentPostprocessing = 0;
		};
/* End PBXSourcesBuildPhase section */

/* Begin PBXTargetDependency section */
		F4C8D188257A926900AACA0C /* PBXTargetDependency */ = {
			isa = PBXTargetDependency;
			target = F4C8D16F257A926700AACA0C /* NY-Times */;
			targetProxy = F4C8D187257A926900AACA0C /* PBXContainerItemProxy */;
		};
		F4C8D193257A926900AACA0C /* PBXTargetDependency */ = {
			isa = PBXTargetDependency;
			target = F4C8D16F257A926700AACA0C /* NY-Times */;
			targetProxy = F4C8D192257A926900AACA0C /* PBXContainerItemProxy */;
		};
/* End PBXTargetDependency section */

/* Begin PBXVariantGroup section */
		F4C8D17E257A926900AACA0C /* LaunchScreen.storyboard */ = {
			isa = PBXVariantGroup;
			children = (
				F4C8D17F257A926900AACA0C /* Base */,
			);
			name = LaunchScreen.storyboard;
			sourceTree = "<group>";
		};
/* End PBXVariantGroup section */

/* Begin XCBuildConfiguration section */
		F4C8D198257A926900AACA0C /* Debug */ = {
			isa = XCBuildConfiguration;
			buildSettings = {
				ALWAYS_SEARCH_USER_PATHS = NO;
				CLANG_ANALYZER_NONNULL = YES;
				CLANG_ANALYZER_NUMBER_OBJECT_CONVERSION = YES_AGGRESSIVE;
				CLANG_CXX_LANGUAGE_STANDARD = "gnu++14";
				CLANG_CXX_LIBRARY = "libc++";
				CLANG_ENABLE_MODULES = YES;
				CLANG_ENABLE_OBJC_ARC = YES;
				CLANG_ENABLE_OBJC_WEAK = YES;
				CLANG_WARN_BLOCK_CAPTURE_AUTORELEASING = YES;
				CLANG_WARN_BOOL_CONVERSION = YES;
				CLANG_WARN_COMMA = YES;
				CLANG_WARN_CONSTANT_CONVERSION = YES;
				CLANG_WARN_DEPRECATED_OBJC_IMPLEMENTATIONS = YES;
				CLANG_WARN_DIRECT_OBJC_ISA_USAGE = YES_ERROR;
				CLANG_WARN_DOCUMENTATION_COMMENTS = YES;
				CLANG_WARN_EMPTY_BODY = YES;
				CLANG_WARN_ENUM_CONVERSION = YES;
				CLANG_WARN_INFINITE_RECURSION = YES;
				CLANG_WARN_INT_CONVERSION = YES;
				CLANG_WARN_NON_LITERAL_NULL_CONVERSION = YES;
				CLANG_WARN_OBJC_IMPLICIT_RETAIN_SELF = YES;
				CLANG_WARN_OBJC_LITERAL_CONVERSION = YES;
				CLANG_WARN_OBJC_ROOT_CLASS = YES_ERROR;
				CLANG_WARN_QUOTED_INCLUDE_IN_FRAMEWORK_HEADER = YES;
				CLANG_WARN_RANGE_LOOP_ANALYSIS = YES;
				CLANG_WARN_STRICT_PROTOTYPES = YES;
				CLANG_WARN_SUSPICIOUS_MOVE = YES;
				CLANG_WARN_UNGUARDED_AVAILABILITY = YES_AGGRESSIVE;
				CLANG_WARN_UNREACHABLE_CODE = YES;
				CLANG_WARN__DUPLICATE_METHOD_MATCH = YES;
				COPY_PHASE_STRIP = NO;
				DEBUG_INFORMATION_FORMAT = dwarf;
				ENABLE_STRICT_OBJC_MSGSEND = YES;
				ENABLE_TESTABILITY = YES;
				GCC_C_LANGUAGE_STANDARD = gnu11;
				GCC_DYNAMIC_NO_PIC = NO;
				GCC_NO_COMMON_BLOCKS = YES;
				GCC_OPTIMIZATION_LEVEL = 0;
				GCC_PREPROCESSOR_DEFINITIONS = (
					"DEBUG=1",
					"$(inherited)",
				);
				GCC_WARN_64_TO_32_BIT_CONVERSION = YES;
				GCC_WARN_ABOUT_RETURN_TYPE = YES_ERROR;
				GCC_WARN_UNDECLARED_SELECTOR = YES;
				GCC_WARN_UNINITIALIZED_AUTOS = YES_AGGRESSIVE;
				GCC_WARN_UNUSED_FUNCTION = YES;
				GCC_WARN_UNUSED_VARIABLE = YES;
				IPHONEOS_DEPLOYMENT_TARGET = 14.2;
				MTL_ENABLE_DEBUG_INFO = INCLUDE_SOURCE;
				MTL_FAST_MATH = YES;
				ONLY_ACTIVE_ARCH = YES;
				SDKROOT = iphoneos;
				SWIFT_ACTIVE_COMPILATION_CONDITIONS = DEBUG;
				SWIFT_OPTIMIZATION_LEVEL = "-Onone";
			};
			name = Debug;
		};
		F4C8D199257A926900AACA0C /* Release */ = {
			isa = XCBuildConfiguration;
			buildSettings = {
				ALWAYS_SEARCH_USER_PATHS = NO;
				CLANG_ANALYZER_NONNULL = YES;
				CLANG_ANALYZER_NUMBER_OBJECT_CONVERSION = YES_AGGRESSIVE;
				CLANG_CXX_LANGUAGE_STANDARD = "gnu++14";
				CLANG_CXX_LIBRARY = "libc++";
				CLANG_ENABLE_MODULES = YES;
				CLANG_ENABLE_OBJC_ARC = YES;
				CLANG_ENABLE_OBJC_WEAK = YES;
				CLANG_WARN_BLOCK_CAPTURE_AUTORELEASING = YES;
				CLANG_WARN_BOOL_CONVERSION = YES;
				CLANG_WARN_COMMA = YES;
				CLANG_WARN_CONSTANT_CONVERSION = YES;
				CLANG_WARN_DEPRECATED_OBJC_IMPLEMENTATIONS = YES;
				CLANG_WARN_DIRECT_OBJC_ISA_USAGE = YES_ERROR;
				CLANG_WARN_DOCUMENTATION_COMMENTS = YES;
				CLANG_WARN_EMPTY_BODY = YES;
				CLANG_WARN_ENUM_CONVERSION = YES;
				CLANG_WARN_INFINITE_RECURSION = YES;
				CLANG_WARN_INT_CONVERSION = YES;
				CLANG_WARN_NON_LITERAL_NULL_CONVERSION = YES;
				CLANG_WARN_OBJC_IMPLICIT_RETAIN_SELF = YES;
				CLANG_WARN_OBJC_LITERAL_CONVERSION = YES;
				CLANG_WARN_OBJC_ROOT_CLASS = YES_ERROR;
				CLANG_WARN_QUOTED_INCLUDE_IN_FRAMEWORK_HEADER = YES;
				CLANG_WARN_RANGE_LOOP_ANALYSIS = YES;
				CLANG_WARN_STRICT_PROTOTYPES = YES;
				CLANG_WARN_SUSPICIOUS_MOVE = YES;
				CLANG_WARN_UNGUARDED_AVAILABILITY = YES_AGGRESSIVE;
				CLANG_WARN_UNREACHABLE_CODE = YES;
				CLANG_WARN__DUPLICATE_METHOD_MATCH = YES;
				COPY_PHASE_STRIP = NO;
				DEBUG_INFORMATION_FORMAT = "dwarf-with-dsym";
				ENABLE_NS_ASSERTIONS = NO;
				ENABLE_STRICT_OBJC_MSGSEND = YES;
				GCC_C_LANGUAGE_STANDARD = gnu11;
				GCC_NO_COMMON_BLOCKS = YES;
				GCC_WARN_64_TO_32_BIT_CONVERSION = YES;
				GCC_WARN_ABOUT_RETURN_TYPE = YES_ERROR;
				GCC_WARN_UNDECLARED_SELECTOR = YES;
				GCC_WARN_UNINITIALIZED_AUTOS = YES_AGGRESSIVE;
				GCC_WARN_UNUSED_FUNCTION = YES;
				GCC_WARN_UNUSED_VARIABLE = YES;
				IPHONEOS_DEPLOYMENT_TARGET = 14.2;
				MTL_ENABLE_DEBUG_INFO = NO;
				MTL_FAST_MATH = YES;
				SDKROOT = iphoneos;
				SWIFT_COMPILATION_MODE = wholemodule;
				SWIFT_OPTIMIZATION_LEVEL = "-O";
				VALIDATE_PRODUCT = YES;
			};
			name = Release;
		};
		F4C8D19B257A926900AACA0C /* Debug */ = {
			isa = XCBuildConfiguration;
			baseConfigurationReference = B91E97DDC3A29689714CDBE8 /* Pods-NY-Times.debug.xcconfig */;
			buildSettings = {
				ASSETCATALOG_COMPILER_APPICON_NAME = AppIcon;
				ASSETCATALOG_COMPILER_GLOBAL_ACCENT_COLOR_NAME = AccentColor;
				CODE_SIGN_STYLE = Automatic;
				DEVELOPMENT_TEAM = 28U3K645XS;
				INFOPLIST_FILE = "NY-Times/Configurations/Info.plist";
				LD_RUNPATH_SEARCH_PATHS = (
					"$(inherited)",
					"@executable_path/Frameworks",
				);
				PRODUCT_BUNDLE_IDENTIFIER = "abdelrhmankamaleliwa.NY-Times";
				PRODUCT_NAME = "$(TARGET_NAME)";
				SWIFT_VERSION = 5.0;
				TARGETED_DEVICE_FAMILY = "1,2";
			};
			name = Debug;
		};
		F4C8D19C257A926900AACA0C /* Release */ = {
			isa = XCBuildConfiguration;
			baseConfigurationReference = DE3CF9A09BA9F2BB8D03FB37 /* Pods-NY-Times.release.xcconfig */;
			buildSettings = {
				ASSETCATALOG_COMPILER_APPICON_NAME = AppIcon;
				ASSETCATALOG_COMPILER_GLOBAL_ACCENT_COLOR_NAME = AccentColor;
				CODE_SIGN_STYLE = Automatic;
				DEVELOPMENT_TEAM = 28U3K645XS;
				INFOPLIST_FILE = "NY-Times/Configurations/Info.plist";
				LD_RUNPATH_SEARCH_PATHS = (
					"$(inherited)",
					"@executable_path/Frameworks",
				);
				PRODUCT_BUNDLE_IDENTIFIER = "abdelrhmankamaleliwa.NY-Times";
				PRODUCT_NAME = "$(TARGET_NAME)";
				SWIFT_VERSION = 5.0;
				TARGETED_DEVICE_FAMILY = "1,2";
			};
			name = Release;
		};
		F4C8D19E257A926900AACA0C /* Debug */ = {
			isa = XCBuildConfiguration;
			baseConfigurationReference = 1F0B11092969F27B754AC80E /* Pods-NY-TimesTests.debug.xcconfig */;
			buildSettings = {
				ALWAYS_EMBED_SWIFT_STANDARD_LIBRARIES = YES;
				BUNDLE_LOADER = "$(TEST_HOST)";
				CODE_SIGN_STYLE = Automatic;
				DEVELOPMENT_TEAM = 28U3K645XS;
				INFOPLIST_FILE = "NY-TimesTests/Info.plist";
				IPHONEOS_DEPLOYMENT_TARGET = 14.2;
				LD_RUNPATH_SEARCH_PATHS = (
					"$(inherited)",
					"@executable_path/Frameworks",
					"@loader_path/Frameworks",
				);
				PRODUCT_BUNDLE_IDENTIFIER = "abdelrhmankamaleliwa.NY-TimesTests";
				PRODUCT_NAME = "$(TARGET_NAME)";
				SWIFT_VERSION = 5.0;
				TARGETED_DEVICE_FAMILY = "1,2";
				TEST_HOST = "$(BUILT_PRODUCTS_DIR)/NY-Times.app/NY-Times";
			};
			name = Debug;
		};
		F4C8D19F257A926900AACA0C /* Release */ = {
			isa = XCBuildConfiguration;
			baseConfigurationReference = 2EAB8E540302F0C271E6362A /* Pods-NY-TimesTests.release.xcconfig */;
			buildSettings = {
				ALWAYS_EMBED_SWIFT_STANDARD_LIBRARIES = YES;
				BUNDLE_LOADER = "$(TEST_HOST)";
				CODE_SIGN_STYLE = Automatic;
				DEVELOPMENT_TEAM = 28U3K645XS;
				INFOPLIST_FILE = "NY-TimesTests/Info.plist";
				IPHONEOS_DEPLOYMENT_TARGET = 14.2;
				LD_RUNPATH_SEARCH_PATHS = (
					"$(inherited)",
					"@executable_path/Frameworks",
					"@loader_path/Frameworks",
				);
				PRODUCT_BUNDLE_IDENTIFIER = "abdelrhmankamaleliwa.NY-TimesTests";
				PRODUCT_NAME = "$(TARGET_NAME)";
				SWIFT_VERSION = 5.0;
				TARGETED_DEVICE_FAMILY = "1,2";
				TEST_HOST = "$(BUILT_PRODUCTS_DIR)/NY-Times.app/NY-Times";
			};
			name = Release;
		};
		F4C8D1A1257A926900AACA0C /* Debug */ = {
			isa = XCBuildConfiguration;
			baseConfigurationReference = C6155C146F5A1C9E7CC5638C /* Pods-NY-Times-NY-TimesUITests.debug.xcconfig */;
			buildSettings = {
				ALWAYS_EMBED_SWIFT_STANDARD_LIBRARIES = YES;
				CODE_SIGN_STYLE = Automatic;
				DEVELOPMENT_TEAM = 28U3K645XS;
				INFOPLIST_FILE = "NY-TimesUITests/Info.plist";
				LD_RUNPATH_SEARCH_PATHS = (
					"$(inherited)",
					"@executable_path/Frameworks",
					"@loader_path/Frameworks",
				);
				PRODUCT_BUNDLE_IDENTIFIER = "abdelrhmankamaleliwa.NY-TimesUITests";
				PRODUCT_NAME = "$(TARGET_NAME)";
				SWIFT_VERSION = 5.0;
				TARGETED_DEVICE_FAMILY = "1,2";
				TEST_TARGET_NAME = "NY-Times";
			};
			name = Debug;
		};
		F4C8D1A2257A926900AACA0C /* Release */ = {
			isa = XCBuildConfiguration;
			baseConfigurationReference = 5CE3F713B0EC20E444B05F7A /* Pods-NY-Times-NY-TimesUITests.release.xcconfig */;
			buildSettings = {
				ALWAYS_EMBED_SWIFT_STANDARD_LIBRARIES = YES;
				CODE_SIGN_STYLE = Automatic;
				DEVELOPMENT_TEAM = 28U3K645XS;
				INFOPLIST_FILE = "NY-TimesUITests/Info.plist";
				LD_RUNPATH_SEARCH_PATHS = (
					"$(inherited)",
					"@executable_path/Frameworks",
					"@loader_path/Frameworks",
				);
				PRODUCT_BUNDLE_IDENTIFIER = "abdelrhmankamaleliwa.NY-TimesUITests";
				PRODUCT_NAME = "$(TARGET_NAME)";
				SWIFT_VERSION = 5.0;
				TARGETED_DEVICE_FAMILY = "1,2";
				TEST_TARGET_NAME = "NY-Times";
			};
			name = Release;
		};
/* End XCBuildConfiguration section */

/* Begin XCConfigurationList section */
		F4C8D16B257A926700AACA0C /* Build configuration list for PBXProject "NY-Times" */ = {
			isa = XCConfigurationList;
			buildConfigurations = (
				F4C8D198257A926900AACA0C /* Debug */,
				F4C8D199257A926900AACA0C /* Release */,
			);
			defaultConfigurationIsVisible = 0;
			defaultConfigurationName = Release;
		};
		F4C8D19A257A926900AACA0C /* Build configuration list for PBXNativeTarget "NY-Times" */ = {
			isa = XCConfigurationList;
			buildConfigurations = (
				F4C8D19B257A926900AACA0C /* Debug */,
				F4C8D19C257A926900AACA0C /* Release */,
			);
			defaultConfigurationIsVisible = 0;
			defaultConfigurationName = Release;
		};
		F4C8D19D257A926900AACA0C /* Build configuration list for PBXNativeTarget "NY-TimesTests" */ = {
			isa = XCConfigurationList;
			buildConfigurations = (
				F4C8D19E257A926900AACA0C /* Debug */,
				F4C8D19F257A926900AACA0C /* Release */,
			);
			defaultConfigurationIsVisible = 0;
			defaultConfigurationName = Release;
		};
		F4C8D1A0257A926900AACA0C /* Build configuration list for PBXNativeTarget "NY-TimesUITests" */ = {
			isa = XCConfigurationList;
			buildConfigurations = (
				F4C8D1A1257A926900AACA0C /* Debug */,
				F4C8D1A2257A926900AACA0C /* Release */,
			);
			defaultConfigurationIsVisible = 0;
			defaultConfigurationName = Release;
		};
/* End XCConfigurationList section */
	};
	rootObject = F4C8D168257A926700AACA0C /* Project object */;
}
